
Microsoft Visual Studio Solution File, Format Version 12.00
# Visual Studio Version 16
VisualStudioVersion = 16.0.30011.22
MinimumVisualStudioVersion = 10.0.40219.1
Project("{FAE04EC0-301F-11D3-BF4B-00C04F79EFBC}") = "mkast", "mkast\mkast.csproj", "{2FCFB68D-67EB-4A54-80DB-AA7B24D6752B}"
EndProject
Global
	GlobalSection(SolutionConfigurationPlatforms) = preSolution
		Debug|Any CPU = Debug|Any CPU
		Release|Any CPU = Release|Any CPU
	EndGlobalSection
	GlobalSection(ProjectConfigurationPlatforms) = postSolution
		{2FCFB68D-67EB-4A54-80DB-AA7B24D6752B}.Debug|Any CPU.ActiveCfg = Debug|Any CPU
		{2FCFB68D-67EB-4A54-80DB-AA7B24D6752B}.Debug|Any CPU.Build.0 = Debug|Any CPU
		{2FCFB68D-67EB-4A54-80DB-AA7B24D6752B}.Release|Any CPU.ActiveCfg = Release|Any CPU
		{2FCFB68D-67EB-4A54-80DB-AA7B24D6752B}.Release|Any CPU.Build.0 = Release|Any CPU
	EndGlobalSection
	GlobalSection(SolutionProperties) = preSolution
		HideSolutionNode = FALSE
	EndGlobalSection
	GlobalSection(ExtensibilityGlobals) = postSolution
		SolutionGuid = {425A6523-21B9-42D5-8BBB-0D69067392EA}
	EndGlobalSection
EndGlobal
